
Microsoft Visual Studio Solution File, Format Version 12.00
# Visual Studio Version 16
VisualStudioVersion = 16.0.33214.272
MinimumVisualStudioVersion = 10.0.40219.1
Project("{FAE04EC0-301F-11D3-BF4B-00C04F79EFBC}") = "Mission06_parkersm", "Mission06_parkersm\Mission06_parkersm.csproj", "{A43C3827-A50B-46E9-BBC4-11D448A8ECFC}"
EndProject
Global
	GlobalSection(SolutionConfigurationPlatforms) = preSolution
		Debug|Any CPU = Debug|Any CPU
		Release|Any CPU = Release|Any CPU
	EndGlobalSection
	GlobalSection(ProjectConfigurationPlatforms) = postSolution
		{A43C3827-A50B-46E9-BBC4-11D448A8ECFC}.Debug|Any CPU.ActiveCfg = Debug|Any CPU
		{A43C3827-A50B-46E9-BBC4-11D448A8ECFC}.Debug|Any CPU.Build.0 = Debug|Any CPU
		{A43C3827-A50B-46E9-BBC4-11D448A8ECFC}.Release|Any CPU.ActiveCfg = Release|Any CPU
		{A43C3827-A50B-46E9-BBC4-11D448A8ECFC}.Release|Any CPU.Build.0 = Release|Any CPU
	EndGlobalSection
	GlobalSection(SolutionProperties) = preSolution
		HideSolutionNode = FALSE
	EndGlobalSection
	GlobalSection(ExtensibilityGlobals) = postSolution
		SolutionGuid = {D7C312FC-3953-4B35-AD98-CF41EB006B71}
	EndGlobalSection
EndGlobal
